# This file is autogenerated, do not edit; changes may be undone by the next 'dep ensure'.


[[projects]]
  digest = "1:b6526fa4c07838585a136c1a0d897daf598a20412cb3b933d340b8657b283101"
  name = "github.com/DataDog/zstd"
  packages = ["."]
  pruneopts = "UT"
  revision = "2347a397da4ee9c6b8226d4aff82c302d0e52773"
  version = "v1.4.1"

[[projects]]
  digest = "1:eb44ca0314e275df1bf81bdc59fe1a122186d24f172be84077b40d34d93c6f56"
  name = "github.com/Shopify/sarama"
  packages = ["."]
  pruneopts = "UT"
  revision = "46c83074a05474240f9620fb7c70fb0d80ca401a"
  version = "v1.23.1"

[[projects]]
  digest = "1:7f1006dd2472228a84c2ab926650af87f5f7c23a39a0db7389991c8becbc4b48"
  name = "github.com/cikupin/go-saga"
  packages = [
    ".",
    "storage",
    "storage/kafka",
  ]
  pruneopts = "UT"
  revision = "7d64c8b99cd62ae9dfac690f17d5b85b61bb7883"
  version = "v1.0.0"

[[projects]]
  digest = "1:ffe9824d294da03b391f44e1ae8281281b4afc1bdaa9588c9097785e3af10cec"
  name = "github.com/davecgh/go-spew"
  packages = ["spew"]
  pruneopts = "UT"
  revision = "8991bc29aa16c548c550c7ff78260e27b9ab7c73"
  version = "v1.1.1"

[[projects]]
  digest = "1:1f0c7ab489b407a7f8f9ad16c25a504d28ab461517a971d341388a56156c1bd7"
  name = "github.com/eapache/go-resiliency"
  packages = ["breaker"]
  pruneopts = "UT"
  revision = "5efd2ed019fd331ec2defc6f3bd98882f1e3e636"
  version = "v1.2.0"

[[projects]]
  branch = "master"
  digest = "1:79f16588b5576b1b3cd90e48d2374cc9a1a8776862d28d8fd0f23b0e15534967"
  name = "github.com/eapache/go-xerial-snappy"
  packages = ["."]
  pruneopts = "UT"
  revision = "776d5712da21bc4762676d614db1d8a64f4238b0"

[[projects]]
  digest = "1:444b82bfe35c83bbcaf84e310fb81a1f9ece03edfed586483c869e2c046aef69"
  name = "github.com/eapache/queue"
  packages = ["."]
  pruneopts = "UT"
  revision = "44cc805cf13205b55f69e14bcb69867d1ae92f98"
  version = "v1.1.0"

[[projects]]
  digest = "1:e4f5819333ac698d294fe04dbf640f84719658d5c7ce195b10060cc37292ce79"
  name = "github.com/golang/snappy"
  packages = ["."]
  pruneopts = "UT"
  revision = "2a8bb927dd31d8daada140a5d09578521ce5c36a"
  version = "v0.0.1"

[[projects]]
  digest = "1:cbec35fe4d5a4fba369a656a8cd65e244ea2c743007d8f6c1ccb132acf9d1296"
  name = "github.com/gorilla/mux"
  packages = ["."]
  pruneopts = "UT"
  revision = "00bdffe0f3c77e27d2cf6f5c70232a2d3e4d9c15"
  version = "v1.7.3"

[[projects]]
  digest = "1:f14364057165381ea296e49f8870a9ffce2b8a95e34d6ae06c759106aaef428c"
  name = "github.com/hashicorp/go-uuid"
  packages = ["."]
  pruneopts = "UT"
  revision = "4f571afc59f3043a65f8fe6bf46d887b10a01d43"
  version = "v1.0.1"

[[projects]]
  digest = "1:ae221758bdddd57f5c76f4ee5e4110af32ee62583c46299094697f8f127e63da"
  name = "github.com/jcmturner/gofork"
  packages = [
    "encoding/asn1",
    "x/crypto/pbkdf2",
  ]
  pruneopts = "UT"
  revision = "dc7c13fece037a4a36e2b3c69db4991498d30692"
  version = "v1.0.0"

[[projects]]
  branch = "master"
  digest = "1:217055446c25288d7802cd09c208724ea8d5f6a09057c5a5dbce5006dac25e43"
  name = "github.com/juju/errors"
  packages = ["."]
  pruneopts = "UT"
  revision = "0232dcc7464d0c0037b619d6e10190301d01362f"

[[projects]]
  branch = "master"
  digest = "1:85b69291f2fd8849c0ebb4fbb7024cd03c3b4b9c9e378163d0c3d50d5142e3d5"
  name = "github.com/lysu/kazoo-go"
  packages = ["."]
  pruneopts = "UT"
  revision = "26744d16cdcf481a7eaa929edd6a53cd8455dd07"

[[projects]]
  digest = "1:cef870622e603ac1305922eb5d380455cad27e354355ae7a855d8633ffa66197"
  name = "github.com/pierrec/lz4"
  packages = [
    ".",
    "internal/xxh32",
  ]
  pruneopts = "UT"
  revision = "645f9b948eee34cbcc335c70999f79c29c420fbf"
  version = "v2.3.0"

[[projects]]
  branch = "master"
  digest = "1:5bbebe8ac19ecb6c87790a89faa20566e38ed0d6494a1d14c4f5b05d9ce2436c"
  name = "github.com/rcrowley/go-metrics"
  packages = ["."]
  pruneopts = "UT"
  revision = "cac0b30c2563378d434b5af411844adff8e32960"

[[projects]]
  branch = "master"
  digest = "1:578bef1a6a1d9348d8620dde8acb8432d10de3e06961728255a9c4fb86d2e06f"
  name = "github.com/samuel/go-zookeeper"
  packages = ["zk"]
  pruneopts = "UT"
  revision = "0ceca61e4d75b92ab59d094a7502921aba0051a2"

[[projects]]
  digest = "1:ca4df663ad76879ad38dbd736493679cbb1aa596c6d479fd9fc5e959e5ceb4fb"
  name = "github.com/urfave/cli"
  packages = ["."]
  pruneopts = "UT"
  revision = "e6cf83ec39f6e1158ced1927d4ed14578fda8edb"
  version = "v1.21.0"

[[projects]]
  branch = "master"
  digest = "1:04b43fe96213ea69cfa6e6b8be218a43a375035ea09d9bdda9fed2691f5a7e76"
  name = "golang.org/x/crypto"
  packages = [
    "md4",
    "pbkdf2",
  ]
  pruneopts = "UT"
  revision = "227b76d455e791cb042b03e633e2f7fbcfdf74a5"

[[projects]]
  branch = "master"
  digest = "1:0304634fa2603fdbcdd163bf349d056b979adc412c7fc46578c7983c8bf74219"
  name = "golang.org/x/net"
  packages = [
    "context",
    "internal/socks",
    "proxy",
  ]
  pruneopts = "UT"
  revision = "24e19bdeb0f2d062d8e2640d50a7aaf2a7f80e7a"

[[projects]]
  digest = "1:c902038ee2d6f964d3b9f2c718126571410c5d81251cbab9fe58abd37803513c"
  name = "gopkg.in/jcmturner/aescts.v1"
  packages = ["."]
  pruneopts = "UT"
  revision = "f6abebb3171c4c1b1fea279cb7c7325020a26290"
  version = "v1.0.1"

[[projects]]
  digest = "1:a1a3e185c03d79a7452d5d5b4c91be4cc433f55e6ed3a35233d852c966e39013"
  name = "gopkg.in/jcmturner/dnsutils.v1"
  packages = ["."]
  pruneopts = "UT"
  revision = "13eeb8d49ffb74d7a75784c35e4d900607a3943c"
  version = "v1.0.1"

[[projects]]
  digest = "1:dc01a587d07be012625ba63df6d4224ae6d7a83e79bfebde6d987c10538d66dd"
  name = "gopkg.in/jcmturner/gokrb5.v7"
  packages = [
    "asn1tools",
    "client",
    "config",
    "credentials",
    "crypto",
    "crypto/common",
    "crypto/etype",
    "crypto/rfc3961",
    "crypto/rfc3962",
    "crypto/rfc4757",
    "crypto/rfc8009",
    "gssapi",
    "iana",
    "iana/addrtype",
    "iana/adtype",
    "iana/asnAppTag",
    "iana/chksumtype",
    "iana/errorcode",
    "iana/etypeID",
    "iana/flags",
    "iana/keyusage",
    "iana/msgtype",
    "iana/nametype",
    "iana/patype",
    "kadmin",
    "keytab",
    "krberror",
    "messages",
    "pac",
    "types",
  ]
  pruneopts = "UT"
  revision = "363118e62befa8a14ff01031c025026077fe5d6d"
  version = "v7.3.0"

[[projects]]
  digest = "1:0f16d9c577198e3b8d3209f5a89aabe679525b2aba2a7548714e973035c0e232"
  name = "gopkg.in/jcmturner/rpc.v1"
  packages = [
    "mstypes",
    "ndr",
  ]
  pruneopts = "UT"
  revision = "99a8ce2fbf8b8087b6ed12a37c61b10f04070043"
  version = "v1.1.0"

[solve-meta]
  analyzer-name = "dep"
  analyzer-version = 1
  input-imports = [
    "github.com/cikupin/go-saga",
    "github.com/cikupin/go-saga/storage/kafka",
    "github.com/gorilla/mux",
    "github.com/urfave/cli",
  ]
  solver-name = "gps-cdcl"
  solver-version = 1
